
Microsoft Visual Studio Solution File, Format Version 12.00
# Visual Studio 15
VisualStudioVersion = 15.0.26228.9
MinimumVisualStudioVersion = 10.0.40219.1
Project("{FAE04EC0-301F-11D3-BF4B-00C04F79EFBC}") = "1000000", "1000000\1000000.csproj", "{93EC9ED5-5F6B-4E67-AC19-AA64DD52C4E8}"
EndProject
Global
	GlobalSection(SolutionConfigurationPlatforms) = preSolution
		Debug|Any CPU = Debug|Any CPU
		Release|Any CPU = Release|Any CPU
	EndGlobalSection
	GlobalSection(ProjectConfigurationPlatforms) = postSolution
		{93EC9ED5-5F6B-4E67-AC19-AA64DD52C4E8}.Debug|Any CPU.ActiveCfg = Debug|Any CPU
		{93EC9ED5-5F6B-4E67-AC19-AA64DD52C4E8}.Debug|Any CPU.Build.0 = Debug|Any CPU
		{93EC9ED5-5F6B-4E67-AC19-AA64DD52C4E8}.Release|Any CPU.ActiveCfg = Release|Any CPU
		{93EC9ED5-5F6B-4E67-AC19-AA64DD52C4E8}.Release|Any CPU.Build.0 = Release|Any CPU
	EndGlobalSection
	GlobalSection(SolutionProperties) = preSolution
		HideSolutionNode = FALSE
	EndGlobalSection
EndGlobal
